dependencies:
- name: openshiftpulse
  repository: file://../openshiftpulse
  version: 4.7.0
- name: openshift-sre-agent
  repository: file://../../../../pulse-agent/chart
  version: 2.1.0
digest: sha256:7f8d9b3a81da171223da796773762dd4bbcdf54bb9dcfd8598c5843af40163af
generated: "2026-04-12T18:39:14.441336-07:00"
