dependencies:
- name: openshiftpulse
  repository: file://../openshiftpulse
  version: 4.6.0
- name: openshift-sre-agent
  repository: file://../../../../pulse-agent/chart
  version: 1.15.0
digest: sha256:06ed75e8925da003dc6459947001a5d6717ceb1b2e1d33104680ff0823d1acb0
generated: "2026-04-09T16:20:05.819627-07:00"
